
Microsoft Visual Studio Solution File, Format Version 12.00
# Visual Studio 15
VisualStudioVersion = 15.0.28307.329
MinimumVisualStudioVersion = 10.0.40219.1
Project("{FAE04EC0-301F-11D3-BF4B-00C04F79EFBC}") = "Rehber.Web.UI", "Telefon Rehberi\Rehber.Web.UI.csproj", "{8D107F3B-CD42-4846-AC46-D4BE8AB509E2}"
EndProject
Project("{FAE04EC0-301F-11D3-BF4B-00C04F79EFBC}") = "Rehber.Model", "Rehber.Model\Rehber.Model.csproj", "{DE5089EA-DF80-4DDA-B433-E7842BA7297F}"
EndProject
Project("{FAE04EC0-301F-11D3-BF4B-00C04F79EFBC}") = "Rehber.Bl", "Rehber.Bl\Rehber.Bl.csproj", "{A5A8F0FE-E92B-41C1-BD7C-C0FEE3B30B69}"
EndProject
Project("{FAE04EC0-301F-11D3-BF4B-00C04F79EFBC}") = "Rehber.Core", "Rehber.Core\Rehber.Core.csproj", "{191C1ADD-FA58-4531-8A3F-7EB96BFC1BBA}"
EndProject
Global
	GlobalSection(SolutionConfigurationPlatforms) = preSolution
		Debug|Any CPU = Debug|Any CPU
		Release|Any CPU = Release|Any CPU
	EndGlobalSection
	GlobalSection(ProjectConfigurationPlatforms) = postSolution
		{8D107F3B-CD42-4846-AC46-D4BE8AB509E2}.Debug|Any CPU.ActiveCfg = Debug|Any CPU
		{8D107F3B-CD42-4846-AC46-D4BE8AB509E2}.Debug|Any CPU.Build.0 = Debug|Any CPU
		{8D107F3B-CD42-4846-AC46-D4BE8AB509E2}.Release|Any CPU.ActiveCfg = Release|Any CPU
		{8D107F3B-CD42-4846-AC46-D4BE8AB509E2}.Release|Any CPU.Build.0 = Release|Any CPU
		{DE5089EA-DF80-4DDA-B433-E7842BA7297F}.Debug|Any CPU.ActiveCfg = Debug|Any CPU
		{DE5089EA-DF80-4DDA-B433-E7842BA7297F}.Debug|Any CPU.Build.0 = Debug|Any CPU
		{DE5089EA-DF80-4DDA-B433-E7842BA7297F}.Release|Any CPU.ActiveCfg = Release|Any CPU
		{DE5089EA-DF80-4DDA-B433-E7842BA7297F}.Release|Any CPU.Build.0 = Release|Any CPU
		{A5A8F0FE-E92B-41C1-BD7C-C0FEE3B30B69}.Debug|Any CPU.ActiveCfg = Debug|Any CPU
		{A5A8F0FE-E92B-41C1-BD7C-C0FEE3B30B69}.Debug|Any CPU.Build.0 = Debug|Any CPU
		{A5A8F0FE-E92B-41C1-BD7C-C0FEE3B30B69}.Release|Any CPU.ActiveCfg = Release|Any CPU
		{A5A8F0FE-E92B-41C1-BD7C-C0FEE3B30B69}.Release|Any CPU.Build.0 = Release|Any CPU
		{191C1ADD-FA58-4531-8A3F-7EB96BFC1BBA}.Debug|Any CPU.ActiveCfg = Debug|Any CPU
		{191C1ADD-FA58-4531-8A3F-7EB96BFC1BBA}.Debug|Any CPU.Build.0 = Debug|Any CPU
		{191C1ADD-FA58-4531-8A3F-7EB96BFC1BBA}.Release|Any CPU.ActiveCfg = Release|Any CPU
		{191C1ADD-FA58-4531-8A3F-7EB96BFC1BBA}.Release|Any CPU.Build.0 = Release|Any CPU
	EndGlobalSection
	GlobalSection(SolutionProperties) = preSolution
		HideSolutionNode = FALSE
	EndGlobalSection
	GlobalSection(ExtensibilityGlobals) = postSolution
		SolutionGuid = {E9950E3A-6350-40F2-A446-E3AEBE4BC4AE}
	EndGlobalSection
EndGlobal
